
Microsoft Visual Studio Solution File, Format Version 12.00
# Visual Studio Version 17
VisualStudioVersion = 17.2.32630.192
MinimumVisualStudioVersion = 10.0.40219.1
Project("{9A19103F-16F7-4668-BE54-9A1E7A4F7556}") = "Products", "Products\Products.csproj", "{F9546C62-E14F-43CF-93E6-7C52A78E4002}"
EndProject
Project("{9A19103F-16F7-4668-BE54-9A1E7A4F7556}") = "EventStore", "EventStore\EventStore.csproj", "{403718A8-FBA2-46B0-A003-05C63479DE49}"
EndProject
Project("{9A19103F-16F7-4668-BE54-9A1E7A4F7556}") = "SnapshotStore", "SnapshotStore\SnapshotStore.csproj", "{93CB4C97-AB7C-4719-A36E-B80F1EB58457}"
EndProject
Project("{9A19103F-16F7-4668-BE54-9A1E7A4F7556}") = "TestClient", "TestClient\TestClient.csproj", "{F0D102F9-4EBD-4087-994E-004ABE9A6537}"
EndProject
Project("{9A19103F-16F7-4668-BE54-9A1E7A4F7556}") = "Products.Common", "Products.Common\Products.Common.csproj", "{19CBEE04-B905-47AD-89C3-711A4CE6EFFB}"
EndProject
Project("{9A19103F-16F7-4668-BE54-9A1E7A4F7556}") = "Products.Query", "Products.Query\Products.Query.csproj", "{3E04686E-A129-493A-A90E-EC59D607524B}"
EndProject
Project("{9A19103F-16F7-4668-BE54-9A1E7A4F7556}") = "Projections", "Projections\Projections.csproj", "{805D4423-6078-46BF-8D72-1356B490681C}"
EndProject
Project("{9A19103F-16F7-4668-BE54-9A1E7A4F7556}") = "Orders", "Orders\Orders.csproj", "{C3451E54-0FD2-43C7-88B4-E51F9B4A3595}"
EndProject
Project("{9A19103F-16F7-4668-BE54-9A1E7A4F7556}") = "Core", "Core\Core.csproj", "{B291310E-6A49-4C5C-9959-1238AD9CADE3}"
EndProject
Project("{9A19103F-16F7-4668-BE54-9A1E7A4F7556}") = "Orders.Common", "Orders.Common\Orders.Common.csproj", "{73AEA2EF-E019-4EE3-957F-0C0CD853FE80}"
EndProject
Project("{2150E333-8FDC-42A3-9474-1A3956D46DE8}") = "Microservices", "Microservices", "{46B5B5BB-3392-4671-83A2-D94C4B585209}"
EndProject
Project("{2150E333-8FDC-42A3-9474-1A3956D46DE8}") = "Orders", "Orders", "{1CC7B98F-F36D-4BCC-809F-A495DE429F35}"
EndProject
Project("{2150E333-8FDC-42A3-9474-1A3956D46DE8}") = "Products", "Products", "{754B09F1-5463-4508-9A8E-C2A2217FE1C2}"
EndProject
Project("{9A19103F-16F7-4668-BE54-9A1E7A4F7556}") = "Subscriptions", "Subscriptions\Subscriptions.csproj", "{AD022B4C-0557-4E49-8332-5E26EB014E02}"
EndProject
Project("{2150E333-8FDC-42A3-9474-1A3956D46DE8}") = "Inventory", "Inventory", "{5896DB5E-F55E-48AE-8C98-9B82CC3EEFDC}"
EndProject
Project("{9A19103F-16F7-4668-BE54-9A1E7A4F7556}") = "Inventory", "Inventory\Inventory.csproj", "{7EECDEB2-4D21-4175-AFF7-23BEE6D7D4E7}"
EndProject
Project("{2150E333-8FDC-42A3-9474-1A3956D46DE8}") = "ShoppingCart", "ShoppingCart", "{E833A53C-EC4E-431B-B510-BCEC6A7627D8}"
EndProject
Project("{9A19103F-16F7-4668-BE54-9A1E7A4F7556}") = "ShoppingCart", "ShoppingCart\ShoppingCart.csproj", "{E699FFBB-B658-4E6F-ACC0-99E8A414FA4F}"
EndProject
Project("{9A19103F-16F7-4668-BE54-9A1E7A4F7556}") = "ShoppingCart.Common", "ShoppingCart.Common\ShoppingCart.Common.csproj", "{77DDA078-212D-481F-9406-613394890150}"
EndProject
Project("{9A19103F-16F7-4668-BE54-9A1E7A4F7556}") = "Inventory.Common", "Inventory.Common\Inventory.Common.csproj", "{2A465062-F424-4DE6-865C-5F13E242A092}"
EndProject
Project("{2150E333-8FDC-42A3-9474-1A3956D46DE8}") = "Diagrams", "Diagrams", "{46E11534-0727-4A0F-9641-C87E5B1406D5}"
	ProjectSection(SolutionItems) = preProject
		..\..\..\..\Users\dobsonjt\OneDrive - Crowe LLP\Documents\Architecture\Diagrams\event-sourcing-change-feed-proc.png = ..\..\..\..\Users\dobsonjt\OneDrive - Crowe LLP\Documents\Architecture\Diagrams\event-sourcing-change-feed-proc.png
		..\..\..\..\Users\dobsonjt\OneDrive - Crowe LLP\Documents\Architecture\Diagrams\event-sourcing-cqrs.PNG = ..\..\..\..\Users\dobsonjt\OneDrive - Crowe LLP\Documents\Architecture\Diagrams\event-sourcing-cqrs.PNG
		..\..\..\..\Users\dobsonjt\OneDrive - Crowe LLP\Documents\Architecture\Diagrams\event-sourcing-demo.PNG = ..\..\..\..\Users\dobsonjt\OneDrive - Crowe LLP\Documents\Architecture\Diagrams\event-sourcing-demo.PNG
	EndProjectSection
EndProject
Project("{2150E333-8FDC-42A3-9474-1A3956D46DE8}") = "Web", "Web", "{87644020-F5DE-4716-8544-A75F45C6D4D4}"
	ProjectSection(SolutionItems) = preProject
		Web\.gitignore = Web\.gitignore
		Web\angular.json = Web\angular.json
		Web\package-lock.json = Web\package-lock.json
		Web\package.json = Web\package.json
		Web\README.md = Web\README.md
		Web\tailwind.config.js = Web\tailwind.config.js
		Web\tsconfig.json = Web\tsconfig.json
	EndProjectSection
EndProject
Project("{2150E333-8FDC-42A3-9474-1A3956D46DE8}") = ".angular", ".angular", "{1B0EE77D-F94D-48A3-BC4D-A41625C46B2C}"
EndProject
Project("{2150E333-8FDC-42A3-9474-1A3956D46DE8}") = "projects", "projects", "{84B90858-DBC7-4B3F-8FFA-7717B8BD269D}"
EndProject
Project("{2150E333-8FDC-42A3-9474-1A3956D46DE8}") = "shared", "shared", "{6FAED3FE-A05A-4F07-9446-9DF803204564}"
	ProjectSection(SolutionItems) = preProject
		Web\projects\shared\.browserslistrc = Web\projects\shared\.browserslistrc
		Web\projects\shared\karma.conf.js = Web\projects\shared\karma.conf.js
		Web\projects\shared\ng-package.json = Web\projects\shared\ng-package.json
		Web\projects\shared\package.json = Web\projects\shared\package.json
		Web\projects\shared\README.md = Web\projects\shared\README.md
		Web\projects\shared\tsconfig.lib.json = Web\projects\shared\tsconfig.lib.json
		Web\projects\shared\tsconfig.lib.prod.json = Web\projects\shared\tsconfig.lib.prod.json
		Web\projects\shared\tsconfig.spec.json = Web\projects\shared\tsconfig.spec.json
	EndProjectSection
EndProject
Project("{2150E333-8FDC-42A3-9474-1A3956D46DE8}") = "shell", "shell", "{C60D4DE3-85E1-47A9-BD9D-62D91B8A2599}"
	ProjectSection(SolutionItems) = preProject
		Web\projects\shell\.browserslistrc = Web\projects\shell\.browserslistrc
		Web\projects\shell\karma.conf.js = Web\projects\shell\karma.conf.js
		Web\projects\shell\tsconfig.app.json = Web\projects\shell\tsconfig.app.json
		Web\projects\shell\tsconfig.spec.json = Web\projects\shell\tsconfig.spec.json
		Web\projects\shell\webpack.config.js = Web\projects\shell\webpack.config.js
		Web\projects\shell\webpack.prod.config.js = Web\projects\shell\webpack.prod.config.js
	EndProjectSection
EndProject
Project("{2150E333-8FDC-42A3-9474-1A3956D46DE8}") = "src", "src", "{85FA60C9-679D-4429-8301-901DF0D54BEA}"
	ProjectSection(SolutionItems) = preProject
		Web\projects\shared\src\public-api.ts = Web\projects\shared\src\public-api.ts
		Web\projects\shared\src\test.ts = Web\projects\shared\src\test.ts
	EndProjectSection
EndProject
Project("{2150E333-8FDC-42A3-9474-1A3956D46DE8}") = "lib", "lib", "{77C58E30-9FF2-403D-B91B-BB295F779F96}"
	ProjectSection(SolutionItems) = preProject
		Web\projects\shared\src\lib\basket.service.ts = Web\projects\shared\src\lib\basket.service.ts
		Web\projects\shared\src\lib\product.ts = Web\projects\shared\src\lib\product.ts
		Web\projects\shared\src\lib\products.service.ts = Web\projects\shared\src\lib\products.service.ts
	EndProjectSection
EndProject
Project("{2150E333-8FDC-42A3-9474-1A3956D46DE8}") = "src", "src", "{350E1AF6-7F54-4C18-A1C7-DC6FF0AF9D09}"
	ProjectSection(SolutionItems) = preProject
		Web\projects\shell\src\bootstrap.ts = Web\projects\shell\src\bootstrap.ts
		Web\projects\shell\src\decl.d.ts = Web\projects\shell\src\decl.d.ts
		Web\projects\shell\src\favicon.ico = Web\projects\shell\src\favicon.ico
		Web\projects\shell\src\index.html = Web\projects\shell\src\index.html
		Web\projects\shell\src\main.ts = Web\projects\shell\src\main.ts
		Web\projects\shell\src\polyfills.ts = Web\projects\shell\src\polyfills.ts
		Web\projects\shell\src\styles.css = Web\projects\shell\src\styles.css
		Web\projects\shell\src\test.ts = Web\projects\shell\src\test.ts
	EndProjectSection
EndProject
Project("{2150E333-8FDC-42A3-9474-1A3956D46DE8}") = "app", "app", "{40CE5AC5-8953-4388-9FF9-B2458B3A98ED}"
	ProjectSection(SolutionItems) = preProject
		Web\projects\shell\src\app\app-routing.module.ts = Web\projects\shell\src\app\app-routing.module.ts
		Web\projects\shell\src\app\app.component.html = Web\projects\shell\src\app\app.component.html
		Web\projects\shell\src\app\app.component.ts = Web\projects\shell\src\app\app.component.ts
		Web\projects\shell\src\app\app.module.ts = Web\projects\shell\src\app\app.module.ts
	EndProjectSection
EndProject
Project("{2150E333-8FDC-42A3-9474-1A3956D46DE8}") = "assets", "assets", "{74D85777-3232-45F6-A2EE-D7F188E99CB0}"
	ProjectSection(SolutionItems) = preProject
		Web\projects\shell\src\assets\.gitkeep = Web\projects\shell\src\assets\.gitkeep
		Web\projects\shell\src\assets\cupcake.svg = Web\projects\shell\src\assets\cupcake.svg
	EndProjectSection
EndProject
Project("{2150E333-8FDC-42A3-9474-1A3956D46DE8}") = "environments", "environments", "{0E043FED-655D-456E-BCDE-CAFF5032FB43}"
	ProjectSection(SolutionItems) = preProject
		Web\projects\shell\src\environments\environment.prod.ts = Web\projects\shell\src\environments\environment.prod.ts
		Web\projects\shell\src\environments\environment.ts = Web\projects\shell\src\environments\environment.ts
	EndProjectSection
EndProject
Project("{2150E333-8FDC-42A3-9474-1A3956D46DE8}") = "products", "products", "{4F7BEFB0-B5DF-4544-A687-3D948BE063EC}"
	ProjectSection(SolutionItems) = preProject
		Web\projects\shell\src\app\products\product.component.html = Web\projects\shell\src\app\products\product.component.html
		Web\projects\shell\src\app\products\product.component.ts = Web\projects\shell\src\app\products\product.component.ts
		Web\projects\shell\src\app\products\products.component.html = Web\projects\shell\src\app\products\products.component.html
		Web\projects\shell\src\app\products\products.component.ts = Web\projects\shell\src\app\products\products.component.ts
	EndProjectSection
EndProject
Project("{2150E333-8FDC-42A3-9474-1A3956D46DE8}") = "mfe-basket", "mfe-basket", "{DC47297A-CDBE-4FF0-A1EA-46EDE52A108E}"
	ProjectSection(SolutionItems) = preProject
		Web\projects\mfe-basket\.browserslistrc = Web\projects\mfe-basket\.browserslistrc
		Web\projects\mfe-basket\karma.conf.js = Web\projects\mfe-basket\karma.conf.js
		Web\projects\mfe-basket\tsconfig.app.json = Web\projects\mfe-basket\tsconfig.app.json
		Web\projects\mfe-basket\tsconfig.spec.json = Web\projects\mfe-basket\tsconfig.spec.json
		Web\projects\mfe-basket\webpack.config.js = Web\projects\mfe-basket\webpack.config.js
		Web\projects\mfe-basket\webpack.prod.config.js = Web\projects\mfe-basket\webpack.prod.config.js
	EndProjectSection
EndProject
Project("{2150E333-8FDC-42A3-9474-1A3956D46DE8}") = "src", "src", "{4350427E-2E78-4D2A-AAF2-0BABBBB806CE}"
	ProjectSection(SolutionItems) = preProject
		Web\projects\mfe-basket\src\bootstrap.ts = Web\projects\mfe-basket\src\bootstrap.ts
		Web\projects\mfe-basket\src\favicon.ico = Web\projects\mfe-basket\src\favicon.ico
		Web\projects\mfe-basket\src\index.html = Web\projects\mfe-basket\src\index.html
		Web\projects\mfe-basket\src\main.ts = Web\projects\mfe-basket\src\main.ts
		Web\projects\mfe-basket\src\polyfills.ts = Web\projects\mfe-basket\src\polyfills.ts
		Web\projects\mfe-basket\src\styles.css = Web\projects\mfe-basket\src\styles.css
		Web\projects\mfe-basket\src\test.ts = Web\projects\mfe-basket\src\test.ts
	EndProjectSection
EndProject
Project("{2150E333-8FDC-42A3-9474-1A3956D46DE8}") = "app", "app", "{D4696B6E-0927-4C0D-88D8-456F51A4FA55}"
	ProjectSection(SolutionItems) = preProject
		Web\projects\mfe-basket\src\app\app-routing.module.ts = Web\projects\mfe-basket\src\app\app-routing.module.ts
		Web\projects\mfe-basket\src\app\app.component.html = Web\projects\mfe-basket\src\app\app.component.html
		Web\projects\mfe-basket\src\app\app.component.ts = Web\projects\mfe-basket\src\app\app.component.ts
		Web\projects\mfe-basket\src\app\app.module.ts = Web\projects\mfe-basket\src\app\app.module.ts
	EndProjectSection
EndProject
Project("{2150E333-8FDC-42A3-9474-1A3956D46DE8}") = "assets", "assets", "{33E52D44-954E-4B4D-A60B-9484D572EEF8}"
	ProjectSection(SolutionItems) = preProject
		Web\projects\mfe-basket\src\assets\.gitkeep = Web\projects\mfe-basket\src\assets\.gitkeep
	EndProjectSection
EndProject
Project("{2150E333-8FDC-42A3-9474-1A3956D46DE8}") = "environments", "environments", "{A929171E-1F88-431B-A944-9EF6691E0A4B}"
	ProjectSection(SolutionItems) = preProject
		Web\projects\mfe-basket\src\environments\environment.prod.ts = Web\projects\mfe-basket\src\environments\environment.prod.ts
		Web\projects\mfe-basket\src\environments\environment.ts = Web\projects\mfe-basket\src\environments\environment.ts
	EndProjectSection
EndProject
Project("{2150E333-8FDC-42A3-9474-1A3956D46DE8}") = "home", "home", "{58F29188-1297-4335-8128-2B99BE2D88A1}"
	ProjectSection(SolutionItems) = preProject
		Web\projects\mfe-basket\src\app\home\home.component.html = Web\projects\mfe-basket\src\app\home\home.component.html
		Web\projects\mfe-basket\src\app\home\home.component.ts = Web\projects\mfe-basket\src\app\home\home.component.ts
	EndProjectSection
EndProject
Project("{2150E333-8FDC-42A3-9474-1A3956D46DE8}") = "basket", "basket", "{2882D67C-1E4A-4C81-9063-F3D69A9184D0}"
	ProjectSection(SolutionItems) = preProject
		Web\projects\mfe-basket\src\app\basket\basket-routing.module.ts = Web\projects\mfe-basket\src\app\basket\basket-routing.module.ts
		Web\projects\mfe-basket\src\app\basket\basket.component.html = Web\projects\mfe-basket\src\app\basket\basket.component.html
		Web\projects\mfe-basket\src\app\basket\basket.component.ts = Web\projects\mfe-basket\src\app\basket\basket.component.ts
		Web\projects\mfe-basket\src\app\basket\basket.module.ts = Web\projects\mfe-basket\src\app\basket\basket.module.ts
	EndProjectSection
EndProject
Project("{2150E333-8FDC-42A3-9474-1A3956D46DE8}") = "mfe-profile", "mfe-profile", "{86B70671-A16B-4BBD-9D2F-FC49F0529208}"
	ProjectSection(SolutionItems) = preProject
		Web\projects\mfe-profile\.browserslistrc = Web\projects\mfe-profile\.browserslistrc
		Web\projects\mfe-profile\karma.conf.js = Web\projects\mfe-profile\karma.conf.js
		Web\projects\mfe-profile\tsconfig.app.json = Web\projects\mfe-profile\tsconfig.app.json
		Web\projects\mfe-profile\tsconfig.spec.json = Web\projects\mfe-profile\tsconfig.spec.json
		Web\projects\mfe-profile\webpack.config.js = Web\projects\mfe-profile\webpack.config.js
		Web\projects\mfe-profile\webpack.prod.config.js = Web\projects\mfe-profile\webpack.prod.config.js
	EndProjectSection
EndProject
Project("{2150E333-8FDC-42A3-9474-1A3956D46DE8}") = "src", "src", "{7A408B90-A1EF-49C5-B96A-9CD114CE8F9A}"
	ProjectSection(SolutionItems) = preProject
		Web\projects\mfe-profile\src\bootstrap.ts = Web\projects\mfe-profile\src\bootstrap.ts
		Web\projects\mfe-profile\src\favicon.ico = Web\projects\mfe-profile\src\favicon.ico
		Web\projects\mfe-profile\src\index.html = Web\projects\mfe-profile\src\index.html
		Web\projects\mfe-profile\src\main.ts = Web\projects\mfe-profile\src\main.ts
		Web\projects\mfe-profile\src\polyfills.ts = Web\projects\mfe-profile\src\polyfills.ts
		Web\projects\mfe-profile\src\styles.css = Web\projects\mfe-profile\src\styles.css
		Web\projects\mfe-profile\src\test.ts = Web\projects\mfe-profile\src\test.ts
	EndProjectSection
EndProject
Project("{2150E333-8FDC-42A3-9474-1A3956D46DE8}") = "environments", "environments", "{12586E8F-2DA9-437D-A193-B2A1880D1543}"
EndProject
Project("{2150E333-8FDC-42A3-9474-1A3956D46DE8}") = "app", "app", "{59C0BA55-6CC3-43B3-8699-61C0E683280B}"
	ProjectSection(SolutionItems) = preProject
		Web\projects\mfe-profile\src\app\app-routing.module.ts = Web\projects\mfe-profile\src\app\app-routing.module.ts
		Web\projects\mfe-profile\src\app\app.component.html = Web\projects\mfe-profile\src\app\app.component.html
		Web\projects\mfe-profile\src\app\app.component.ts = Web\projects\mfe-profile\src\app\app.component.ts
		Web\projects\mfe-profile\src\app\app.module.ts = Web\projects\mfe-profile\src\app\app.module.ts
	EndProjectSection
EndProject
Project("{2150E333-8FDC-42A3-9474-1A3956D46DE8}") = "assets", "assets", "{20B435B6-1158-4582-8BAF-AEE9839FD91C}"
	ProjectSection(SolutionItems) = preProject
		Web\projects\mfe-profile\src\assets\.gitkeep = Web\projects\mfe-profile\src\assets\.gitkeep
	EndProjectSection
EndProject
Project("{2150E333-8FDC-42A3-9474-1A3956D46DE8}") = "home", "home", "{274A5F7F-14BC-4254-9326-D650E6364D89}"
	ProjectSection(SolutionItems) = preProject
		Web\projects\mfe-profile\src\app\home\home.component.html = Web\projects\mfe-profile\src\app\home\home.component.html
		Web\projects\mfe-profile\src\app\home\home.component.ts = Web\projects\mfe-profile\src\app\home\home.component.ts
	EndProjectSection
EndProject
Project("{2150E333-8FDC-42A3-9474-1A3956D46DE8}") = "profile", "profile", "{2A652477-D557-4EDF-9286-38FAE2B5A0FB}"
	ProjectSection(SolutionItems) = preProject
		Web\projects\mfe-profile\src\app\profile\profile-routing.module.ts = Web\projects\mfe-profile\src\app\profile\profile-routing.module.ts
		Web\projects\mfe-profile\src\app\profile\profile.component.html = Web\projects\mfe-profile\src\app\profile\profile.component.html
		Web\projects\mfe-profile\src\app\profile\profile.component.ts = Web\projects\mfe-profile\src\app\profile\profile.component.ts
		Web\projects\mfe-profile\src\app\profile\profile.module.ts = Web\projects\mfe-profile\src\app\profile\profile.module.ts
	EndProjectSection
EndProject
Global
	GlobalSection(SolutionConfigurationPlatforms) = preSolution
		Debug|Any CPU = Debug|Any CPU
		Release|Any CPU = Release|Any CPU
	EndGlobalSection
	GlobalSection(ProjectConfigurationPlatforms) = postSolution
		{F9546C62-E14F-43CF-93E6-7C52A78E4002}.Debug|Any CPU.ActiveCfg = Debug|Any CPU
		{F9546C62-E14F-43CF-93E6-7C52A78E4002}.Debug|Any CPU.Build.0 = Debug|Any CPU
		{F9546C62-E14F-43CF-93E6-7C52A78E4002}.Release|Any CPU.ActiveCfg = Release|Any CPU
		{F9546C62-E14F-43CF-93E6-7C52A78E4002}.Release|Any CPU.Build.0 = Release|Any CPU
		{403718A8-FBA2-46B0-A003-05C63479DE49}.Debug|Any CPU.ActiveCfg = Debug|Any CPU
		{403718A8-FBA2-46B0-A003-05C63479DE49}.Debug|Any CPU.Build.0 = Debug|Any CPU
		{403718A8-FBA2-46B0-A003-05C63479DE49}.Release|Any CPU.ActiveCfg = Release|Any CPU
		{403718A8-FBA2-46B0-A003-05C63479DE49}.Release|Any CPU.Build.0 = Release|Any CPU
		{93CB4C97-AB7C-4719-A36E-B80F1EB58457}.Debug|Any CPU.ActiveCfg = Debug|Any CPU
		{93CB4C97-AB7C-4719-A36E-B80F1EB58457}.Debug|Any CPU.Build.0 = Debug|Any CPU
		{93CB4C97-AB7C-4719-A36E-B80F1EB58457}.Release|Any CPU.ActiveCfg = Release|Any CPU
		{93CB4C97-AB7C-4719-A36E-B80F1EB58457}.Release|Any CPU.Build.0 = Release|Any CPU
		{F0D102F9-4EBD-4087-994E-004ABE9A6537}.Debug|Any CPU.ActiveCfg = Debug|Any CPU
		{F0D102F9-4EBD-4087-994E-004ABE9A6537}.Debug|Any CPU.Build.0 = Debug|Any CPU
		{F0D102F9-4EBD-4087-994E-004ABE9A6537}.Release|Any CPU.ActiveCfg = Release|Any CPU
		{F0D102F9-4EBD-4087-994E-004ABE9A6537}.Release|Any CPU.Build.0 = Release|Any CPU
		{19CBEE04-B905-47AD-89C3-711A4CE6EFFB}.Debug|Any CPU.ActiveCfg = Debug|Any CPU
		{19CBEE04-B905-47AD-89C3-711A4CE6EFFB}.Debug|Any CPU.Build.0 = Debug|Any CPU
		{19CBEE04-B905-47AD-89C3-711A4CE6EFFB}.Release|Any CPU.ActiveCfg = Release|Any CPU
		{19CBEE04-B905-47AD-89C3-711A4CE6EFFB}.Release|Any CPU.Build.0 = Release|Any CPU
		{3E04686E-A129-493A-A90E-EC59D607524B}.Debug|Any CPU.ActiveCfg = Debug|Any CPU
		{3E04686E-A129-493A-A90E-EC59D607524B}.Debug|Any CPU.Build.0 = Debug|Any CPU
		{3E04686E-A129-493A-A90E-EC59D607524B}.Release|Any CPU.ActiveCfg = Release|Any CPU
		{3E04686E-A129-493A-A90E-EC59D607524B}.Release|Any CPU.Build.0 = Release|Any CPU
		{805D4423-6078-46BF-8D72-1356B490681C}.Debug|Any CPU.ActiveCfg = Debug|Any CPU
		{805D4423-6078-46BF-8D72-1356B490681C}.Debug|Any CPU.Build.0 = Debug|Any CPU
		{805D4423-6078-46BF-8D72-1356B490681C}.Release|Any CPU.ActiveCfg = Release|Any CPU
		{805D4423-6078-46BF-8D72-1356B490681C}.Release|Any CPU.Build.0 = Release|Any CPU
		{C3451E54-0FD2-43C7-88B4-E51F9B4A3595}.Debug|Any CPU.ActiveCfg = Debug|Any CPU
		{C3451E54-0FD2-43C7-88B4-E51F9B4A3595}.Debug|Any CPU.Build.0 = Debug|Any CPU
		{C3451E54-0FD2-43C7-88B4-E51F9B4A3595}.Release|Any CPU.ActiveCfg = Release|Any CPU
		{C3451E54-0FD2-43C7-88B4-E51F9B4A3595}.Release|Any CPU.Build.0 = Release|Any CPU
		{B291310E-6A49-4C5C-9959-1238AD9CADE3}.Debug|Any CPU.ActiveCfg = Debug|Any CPU
		{B291310E-6A49-4C5C-9959-1238AD9CADE3}.Debug|Any CPU.Build.0 = Debug|Any CPU
		{B291310E-6A49-4C5C-9959-1238AD9CADE3}.Release|Any CPU.ActiveCfg = Release|Any CPU
		{B291310E-6A49-4C5C-9959-1238AD9CADE3}.Release|Any CPU.Build.0 = Release|Any CPU
		{73AEA2EF-E019-4EE3-957F-0C0CD853FE80}.Debug|Any CPU.ActiveCfg = Debug|Any CPU
		{73AEA2EF-E019-4EE3-957F-0C0CD853FE80}.Debug|Any CPU.Build.0 = Debug|Any CPU
		{73AEA2EF-E019-4EE3-957F-0C0CD853FE80}.Release|Any CPU.ActiveCfg = Release|Any CPU
		{73AEA2EF-E019-4EE3-957F-0C0CD853FE80}.Release|Any CPU.Build.0 = Release|Any CPU
		{AD022B4C-0557-4E49-8332-5E26EB014E02}.Debug|Any CPU.ActiveCfg = Debug|Any CPU
		{AD022B4C-0557-4E49-8332-5E26EB014E02}.Debug|Any CPU.Build.0 = Debug|Any CPU
		{AD022B4C-0557-4E49-8332-5E26EB014E02}.Release|Any CPU.ActiveCfg = Release|Any CPU
		{AD022B4C-0557-4E49-8332-5E26EB014E02}.Release|Any CPU.Build.0 = Release|Any CPU
		{7EECDEB2-4D21-4175-AFF7-23BEE6D7D4E7}.Debug|Any CPU.ActiveCfg = Debug|Any CPU
		{7EECDEB2-4D21-4175-AFF7-23BEE6D7D4E7}.Debug|Any CPU.Build.0 = Debug|Any CPU
		{7EECDEB2-4D21-4175-AFF7-23BEE6D7D4E7}.Release|Any CPU.ActiveCfg = Release|Any CPU
		{7EECDEB2-4D21-4175-AFF7-23BEE6D7D4E7}.Release|Any CPU.Build.0 = Release|Any CPU
		{E699FFBB-B658-4E6F-ACC0-99E8A414FA4F}.Debug|Any CPU.ActiveCfg = Debug|Any CPU
		{E699FFBB-B658-4E6F-ACC0-99E8A414FA4F}.Debug|Any CPU.Build.0 = Debug|Any CPU
		{E699FFBB-B658-4E6F-ACC0-99E8A414FA4F}.Release|Any CPU.ActiveCfg = Release|Any CPU
		{E699FFBB-B658-4E6F-ACC0-99E8A414FA4F}.Release|Any CPU.Build.0 = Release|Any CPU
		{77DDA078-212D-481F-9406-613394890150}.Debug|Any CPU.ActiveCfg = Debug|Any CPU
		{77DDA078-212D-481F-9406-613394890150}.Debug|Any CPU.Build.0 = Debug|Any CPU
		{77DDA078-212D-481F-9406-613394890150}.Release|Any CPU.ActiveCfg = Release|Any CPU
		{77DDA078-212D-481F-9406-613394890150}.Release|Any CPU.Build.0 = Release|Any CPU
		{2A465062-F424-4DE6-865C-5F13E242A092}.Debug|Any CPU.ActiveCfg = Debug|Any CPU
		{2A465062-F424-4DE6-865C-5F13E242A092}.Debug|Any CPU.Build.0 = Debug|Any CPU
		{2A465062-F424-4DE6-865C-5F13E242A092}.Release|Any CPU.ActiveCfg = Release|Any CPU
		{2A465062-F424-4DE6-865C-5F13E242A092}.Release|Any CPU.Build.0 = Release|Any CPU
	EndGlobalSection
	GlobalSection(SolutionProperties) = preSolution
		HideSolutionNode = FALSE
	EndGlobalSection
	GlobalSection(NestedProjects) = preSolution
		{F9546C62-E14F-43CF-93E6-7C52A78E4002} = {754B09F1-5463-4508-9A8E-C2A2217FE1C2}
		{19CBEE04-B905-47AD-89C3-711A4CE6EFFB} = {754B09F1-5463-4508-9A8E-C2A2217FE1C2}
		{3E04686E-A129-493A-A90E-EC59D607524B} = {754B09F1-5463-4508-9A8E-C2A2217FE1C2}
		{C3451E54-0FD2-43C7-88B4-E51F9B4A3595} = {1CC7B98F-F36D-4BCC-809F-A495DE429F35}
		{73AEA2EF-E019-4EE3-957F-0C0CD853FE80} = {1CC7B98F-F36D-4BCC-809F-A495DE429F35}
		{1CC7B98F-F36D-4BCC-809F-A495DE429F35} = {46B5B5BB-3392-4671-83A2-D94C4B585209}
		{754B09F1-5463-4508-9A8E-C2A2217FE1C2} = {46B5B5BB-3392-4671-83A2-D94C4B585209}
		{5896DB5E-F55E-48AE-8C98-9B82CC3EEFDC} = {46B5B5BB-3392-4671-83A2-D94C4B585209}
		{7EECDEB2-4D21-4175-AFF7-23BEE6D7D4E7} = {5896DB5E-F55E-48AE-8C98-9B82CC3EEFDC}
		{E833A53C-EC4E-431B-B510-BCEC6A7627D8} = {46B5B5BB-3392-4671-83A2-D94C4B585209}
		{E699FFBB-B658-4E6F-ACC0-99E8A414FA4F} = {E833A53C-EC4E-431B-B510-BCEC6A7627D8}
		{77DDA078-212D-481F-9406-613394890150} = {E833A53C-EC4E-431B-B510-BCEC6A7627D8}
		{2A465062-F424-4DE6-865C-5F13E242A092} = {5896DB5E-F55E-48AE-8C98-9B82CC3EEFDC}
		{1B0EE77D-F94D-48A3-BC4D-A41625C46B2C} = {87644020-F5DE-4716-8544-A75F45C6D4D4}
		{84B90858-DBC7-4B3F-8FFA-7717B8BD269D} = {87644020-F5DE-4716-8544-A75F45C6D4D4}
		{6FAED3FE-A05A-4F07-9446-9DF803204564} = {84B90858-DBC7-4B3F-8FFA-7717B8BD269D}
		{C60D4DE3-85E1-47A9-BD9D-62D91B8A2599} = {84B90858-DBC7-4B3F-8FFA-7717B8BD269D}
		{85FA60C9-679D-4429-8301-901DF0D54BEA} = {6FAED3FE-A05A-4F07-9446-9DF803204564}
		{77C58E30-9FF2-403D-B91B-BB295F779F96} = {85FA60C9-679D-4429-8301-901DF0D54BEA}
		{350E1AF6-7F54-4C18-A1C7-DC6FF0AF9D09} = {C60D4DE3-85E1-47A9-BD9D-62D91B8A2599}
		{40CE5AC5-8953-4388-9FF9-B2458B3A98ED} = {350E1AF6-7F54-4C18-A1C7-DC6FF0AF9D09}
		{74D85777-3232-45F6-A2EE-D7F188E99CB0} = {350E1AF6-7F54-4C18-A1C7-DC6FF0AF9D09}
		{0E043FED-655D-456E-BCDE-CAFF5032FB43} = {350E1AF6-7F54-4C18-A1C7-DC6FF0AF9D09}
		{4F7BEFB0-B5DF-4544-A687-3D948BE063EC} = {40CE5AC5-8953-4388-9FF9-B2458B3A98ED}
		{DC47297A-CDBE-4FF0-A1EA-46EDE52A108E} = {84B90858-DBC7-4B3F-8FFA-7717B8BD269D}
		{4350427E-2E78-4D2A-AAF2-0BABBBB806CE} = {DC47297A-CDBE-4FF0-A1EA-46EDE52A108E}
		{D4696B6E-0927-4C0D-88D8-456F51A4FA55} = {4350427E-2E78-4D2A-AAF2-0BABBBB806CE}
		{33E52D44-954E-4B4D-A60B-9484D572EEF8} = {4350427E-2E78-4D2A-AAF2-0BABBBB806CE}
		{A929171E-1F88-431B-A944-9EF6691E0A4B} = {4350427E-2E78-4D2A-AAF2-0BABBBB806CE}
		{58F29188-1297-4335-8128-2B99BE2D88A1} = {D4696B6E-0927-4C0D-88D8-456F51A4FA55}
		{2882D67C-1E4A-4C81-9063-F3D69A9184D0} = {D4696B6E-0927-4C0D-88D8-456F51A4FA55}
		{86B70671-A16B-4BBD-9D2F-FC49F0529208} = {84B90858-DBC7-4B3F-8FFA-7717B8BD269D}
		{7A408B90-A1EF-49C5-B96A-9CD114CE8F9A} = {86B70671-A16B-4BBD-9D2F-FC49F0529208}
		{12586E8F-2DA9-437D-A193-B2A1880D1543} = {7A408B90-A1EF-49C5-B96A-9CD114CE8F9A}
		{59C0BA55-6CC3-43B3-8699-61C0E683280B} = {7A408B90-A1EF-49C5-B96A-9CD114CE8F9A}
		{20B435B6-1158-4582-8BAF-AEE9839FD91C} = {7A408B90-A1EF-49C5-B96A-9CD114CE8F9A}
		{274A5F7F-14BC-4254-9326-D650E6364D89} = {59C0BA55-6CC3-43B3-8699-61C0E683280B}
		{2A652477-D557-4EDF-9286-38FAE2B5A0FB} = {59C0BA55-6CC3-43B3-8699-61C0E683280B}
	EndGlobalSection
	GlobalSection(ExtensibilityGlobals) = postSolution
		SolutionGuid = {2E9A127E-1433-4378-9B7A-B7CFDECE56BA}
	EndGlobalSection
EndGlobal
