
Microsoft Visual Studio Solution File, Format Version 12.00
# Visual Studio Version 17
VisualStudioVersion = 17.2.32630.192
MinimumVisualStudioVersion = 10.0.40219.1
Project("{9A19103F-16F7-4668-BE54-9A1E7A4F7556}") = "Products", "Products\Products.csproj", "{F9546C62-E14F-43CF-93E6-7C52A78E4002}"
EndProject
Project("{9A19103F-16F7-4668-BE54-9A1E7A4F7556}") = "EventStore", "EventStore\EventStore.csproj", "{403718A8-FBA2-46B0-A003-05C63479DE49}"
EndProject
Project("{9A19103F-16F7-4668-BE54-9A1E7A4F7556}") = "SnapshotStore", "SnapshotStore\SnapshotStore.csproj", "{93CB4C97-AB7C-4719-A36E-B80F1EB58457}"
EndProject
Project("{9A19103F-16F7-4668-BE54-9A1E7A4F7556}") = "TestClient", "TestClient\TestClient.csproj", "{F0D102F9-4EBD-4087-994E-004ABE9A6537}"
EndProject
Project("{9A19103F-16F7-4668-BE54-9A1E7A4F7556}") = "Products.Common", "Products.Common\Products.Common.csproj", "{19CBEE04-B905-47AD-89C3-711A4CE6EFFB}"
EndProject
Project("{9A19103F-16F7-4668-BE54-9A1E7A4F7556}") = "Products.Query", "Products.Query\Products.Query.csproj", "{3E04686E-A129-493A-A90E-EC59D607524B}"
EndProject
Project("{9A19103F-16F7-4668-BE54-9A1E7A4F7556}") = "Projections", "Projections\Projections.csproj", "{805D4423-6078-46BF-8D72-1356B490681C}"
EndProject
Project("{9A19103F-16F7-4668-BE54-9A1E7A4F7556}") = "Orders", "Orders\Orders.csproj", "{C3451E54-0FD2-43C7-88B4-E51F9B4A3595}"
EndProject
Project("{9A19103F-16F7-4668-BE54-9A1E7A4F7556}") = "Core", "Core\Core.csproj", "{B291310E-6A49-4C5C-9959-1238AD9CADE3}"
EndProject
Project("{9A19103F-16F7-4668-BE54-9A1E7A4F7556}") = "Orders.Common", "Orders.Common\Orders.Common.csproj", "{73AEA2EF-E019-4EE3-957F-0C0CD853FE80}"
EndProject
Project("{2150E333-8FDC-42A3-9474-1A3956D46DE8}") = "Microservices", "Microservices", "{46B5B5BB-3392-4671-83A2-D94C4B585209}"
EndProject
Project("{2150E333-8FDC-42A3-9474-1A3956D46DE8}") = "Orders", "Orders", "{1CC7B98F-F36D-4BCC-809F-A495DE429F35}"
EndProject
Project("{2150E333-8FDC-42A3-9474-1A3956D46DE8}") = "Products", "Products", "{754B09F1-5463-4508-9A8E-C2A2217FE1C2}"
EndProject
Project("{9A19103F-16F7-4668-BE54-9A1E7A4F7556}") = "Subscriptions", "Subscriptions\Subscriptions.csproj", "{AD022B4C-0557-4E49-8332-5E26EB014E02}"
EndProject
Project("{2150E333-8FDC-42A3-9474-1A3956D46DE8}") = "Inventory", "Inventory", "{5896DB5E-F55E-48AE-8C98-9B82CC3EEFDC}"
EndProject
Project("{9A19103F-16F7-4668-BE54-9A1E7A4F7556}") = "Inventory", "Inventory\Inventory.csproj", "{7EECDEB2-4D21-4175-AFF7-23BEE6D7D4E7}"
EndProject
Project("{2150E333-8FDC-42A3-9474-1A3956D46DE8}") = "ShoppingCart", "ShoppingCart", "{E833A53C-EC4E-431B-B510-BCEC6A7627D8}"
EndProject
Project("{FAE04EC0-301F-11D3-BF4B-00C04F79EFBC}") = "ShoppingCart", "ShoppingCart\ShoppingCart.csproj", "{E699FFBB-B658-4E6F-ACC0-99E8A414FA4F}"
EndProject
Project("{FAE04EC0-301F-11D3-BF4B-00C04F79EFBC}") = "ShoppingCart.Common", "ShoppingCart.Common\ShoppingCart.Common.csproj", "{77DDA078-212D-481F-9406-613394890150}"
EndProject
Project("{FAE04EC0-301F-11D3-BF4B-00C04F79EFBC}") = "Inventory.Common", "Inventory.Common\Inventory.Common.csproj", "{2A465062-F424-4DE6-865C-5F13E242A092}"
EndProject
Global
	GlobalSection(SolutionConfigurationPlatforms) = preSolution
		Debug|Any CPU = Debug|Any CPU
		Release|Any CPU = Release|Any CPU
	EndGlobalSection
	GlobalSection(ProjectConfigurationPlatforms) = postSolution
		{F9546C62-E14F-43CF-93E6-7C52A78E4002}.Debug|Any CPU.ActiveCfg = Debug|Any CPU
		{F9546C62-E14F-43CF-93E6-7C52A78E4002}.Debug|Any CPU.Build.0 = Debug|Any CPU
		{F9546C62-E14F-43CF-93E6-7C52A78E4002}.Release|Any CPU.ActiveCfg = Release|Any CPU
		{F9546C62-E14F-43CF-93E6-7C52A78E4002}.Release|Any CPU.Build.0 = Release|Any CPU
		{403718A8-FBA2-46B0-A003-05C63479DE49}.Debug|Any CPU.ActiveCfg = Debug|Any CPU
		{403718A8-FBA2-46B0-A003-05C63479DE49}.Debug|Any CPU.Build.0 = Debug|Any CPU
		{403718A8-FBA2-46B0-A003-05C63479DE49}.Release|Any CPU.ActiveCfg = Release|Any CPU
		{403718A8-FBA2-46B0-A003-05C63479DE49}.Release|Any CPU.Build.0 = Release|Any CPU
		{93CB4C97-AB7C-4719-A36E-B80F1EB58457}.Debug|Any CPU.ActiveCfg = Debug|Any CPU
		{93CB4C97-AB7C-4719-A36E-B80F1EB58457}.Debug|Any CPU.Build.0 = Debug|Any CPU
		{93CB4C97-AB7C-4719-A36E-B80F1EB58457}.Release|Any CPU.ActiveCfg = Release|Any CPU
		{93CB4C97-AB7C-4719-A36E-B80F1EB58457}.Release|Any CPU.Build.0 = Release|Any CPU
		{F0D102F9-4EBD-4087-994E-004ABE9A6537}.Debug|Any CPU.ActiveCfg = Debug|Any CPU
		{F0D102F9-4EBD-4087-994E-004ABE9A6537}.Debug|Any CPU.Build.0 = Debug|Any CPU
		{F0D102F9-4EBD-4087-994E-004ABE9A6537}.Release|Any CPU.ActiveCfg = Release|Any CPU
		{F0D102F9-4EBD-4087-994E-004ABE9A6537}.Release|Any CPU.Build.0 = Release|Any CPU
		{19CBEE04-B905-47AD-89C3-711A4CE6EFFB}.Debug|Any CPU.ActiveCfg = Debug|Any CPU
		{19CBEE04-B905-47AD-89C3-711A4CE6EFFB}.Debug|Any CPU.Build.0 = Debug|Any CPU
		{19CBEE04-B905-47AD-89C3-711A4CE6EFFB}.Release|Any CPU.ActiveCfg = Release|Any CPU
		{19CBEE04-B905-47AD-89C3-711A4CE6EFFB}.Release|Any CPU.Build.0 = Release|Any CPU
		{3E04686E-A129-493A-A90E-EC59D607524B}.Debug|Any CPU.ActiveCfg = Debug|Any CPU
		{3E04686E-A129-493A-A90E-EC59D607524B}.Debug|Any CPU.Build.0 = Debug|Any CPU
		{3E04686E-A129-493A-A90E-EC59D607524B}.Release|Any CPU.ActiveCfg = Release|Any CPU
		{3E04686E-A129-493A-A90E-EC59D607524B}.Release|Any CPU.Build.0 = Release|Any CPU
		{805D4423-6078-46BF-8D72-1356B490681C}.Debug|Any CPU.ActiveCfg = Debug|Any CPU
		{805D4423-6078-46BF-8D72-1356B490681C}.Debug|Any CPU.Build.0 = Debug|Any CPU
		{805D4423-6078-46BF-8D72-1356B490681C}.Release|Any CPU.ActiveCfg = Release|Any CPU
		{805D4423-6078-46BF-8D72-1356B490681C}.Release|Any CPU.Build.0 = Release|Any CPU
		{C3451E54-0FD2-43C7-88B4-E51F9B4A3595}.Debug|Any CPU.ActiveCfg = Debug|Any CPU
		{C3451E54-0FD2-43C7-88B4-E51F9B4A3595}.Debug|Any CPU.Build.0 = Debug|Any CPU
		{C3451E54-0FD2-43C7-88B4-E51F9B4A3595}.Release|Any CPU.ActiveCfg = Release|Any CPU
		{C3451E54-0FD2-43C7-88B4-E51F9B4A3595}.Release|Any CPU.Build.0 = Release|Any CPU
		{B291310E-6A49-4C5C-9959-1238AD9CADE3}.Debug|Any CPU.ActiveCfg = Debug|Any CPU
		{B291310E-6A49-4C5C-9959-1238AD9CADE3}.Debug|Any CPU.Build.0 = Debug|Any CPU
		{B291310E-6A49-4C5C-9959-1238AD9CADE3}.Release|Any CPU.ActiveCfg = Release|Any CPU
		{B291310E-6A49-4C5C-9959-1238AD9CADE3}.Release|Any CPU.Build.0 = Release|Any CPU
		{73AEA2EF-E019-4EE3-957F-0C0CD853FE80}.Debug|Any CPU.ActiveCfg = Debug|Any CPU
		{73AEA2EF-E019-4EE3-957F-0C0CD853FE80}.Debug|Any CPU.Build.0 = Debug|Any CPU
		{73AEA2EF-E019-4EE3-957F-0C0CD853FE80}.Release|Any CPU.ActiveCfg = Release|Any CPU
		{73AEA2EF-E019-4EE3-957F-0C0CD853FE80}.Release|Any CPU.Build.0 = Release|Any CPU
		{AD022B4C-0557-4E49-8332-5E26EB014E02}.Debug|Any CPU.ActiveCfg = Debug|Any CPU
		{AD022B4C-0557-4E49-8332-5E26EB014E02}.Debug|Any CPU.Build.0 = Debug|Any CPU
		{AD022B4C-0557-4E49-8332-5E26EB014E02}.Release|Any CPU.ActiveCfg = Release|Any CPU
		{AD022B4C-0557-4E49-8332-5E26EB014E02}.Release|Any CPU.Build.0 = Release|Any CPU
		{7EECDEB2-4D21-4175-AFF7-23BEE6D7D4E7}.Debug|Any CPU.ActiveCfg = Debug|Any CPU
		{7EECDEB2-4D21-4175-AFF7-23BEE6D7D4E7}.Debug|Any CPU.Build.0 = Debug|Any CPU
		{7EECDEB2-4D21-4175-AFF7-23BEE6D7D4E7}.Release|Any CPU.ActiveCfg = Release|Any CPU
		{7EECDEB2-4D21-4175-AFF7-23BEE6D7D4E7}.Release|Any CPU.Build.0 = Release|Any CPU
		{E699FFBB-B658-4E6F-ACC0-99E8A414FA4F}.Debug|Any CPU.ActiveCfg = Debug|Any CPU
		{E699FFBB-B658-4E6F-ACC0-99E8A414FA4F}.Debug|Any CPU.Build.0 = Debug|Any CPU
		{E699FFBB-B658-4E6F-ACC0-99E8A414FA4F}.Release|Any CPU.ActiveCfg = Release|Any CPU
		{E699FFBB-B658-4E6F-ACC0-99E8A414FA4F}.Release|Any CPU.Build.0 = Release|Any CPU
		{77DDA078-212D-481F-9406-613394890150}.Debug|Any CPU.ActiveCfg = Debug|Any CPU
		{77DDA078-212D-481F-9406-613394890150}.Debug|Any CPU.Build.0 = Debug|Any CPU
		{77DDA078-212D-481F-9406-613394890150}.Release|Any CPU.ActiveCfg = Release|Any CPU
		{77DDA078-212D-481F-9406-613394890150}.Release|Any CPU.Build.0 = Release|Any CPU
		{2A465062-F424-4DE6-865C-5F13E242A092}.Debug|Any CPU.ActiveCfg = Debug|Any CPU
		{2A465062-F424-4DE6-865C-5F13E242A092}.Debug|Any CPU.Build.0 = Debug|Any CPU
		{2A465062-F424-4DE6-865C-5F13E242A092}.Release|Any CPU.ActiveCfg = Release|Any CPU
		{2A465062-F424-4DE6-865C-5F13E242A092}.Release|Any CPU.Build.0 = Release|Any CPU
	EndGlobalSection
	GlobalSection(SolutionProperties) = preSolution
		HideSolutionNode = FALSE
	EndGlobalSection
	GlobalSection(NestedProjects) = preSolution
		{F9546C62-E14F-43CF-93E6-7C52A78E4002} = {754B09F1-5463-4508-9A8E-C2A2217FE1C2}
		{19CBEE04-B905-47AD-89C3-711A4CE6EFFB} = {754B09F1-5463-4508-9A8E-C2A2217FE1C2}
		{3E04686E-A129-493A-A90E-EC59D607524B} = {754B09F1-5463-4508-9A8E-C2A2217FE1C2}
		{C3451E54-0FD2-43C7-88B4-E51F9B4A3595} = {1CC7B98F-F36D-4BCC-809F-A495DE429F35}
		{73AEA2EF-E019-4EE3-957F-0C0CD853FE80} = {1CC7B98F-F36D-4BCC-809F-A495DE429F35}
		{1CC7B98F-F36D-4BCC-809F-A495DE429F35} = {46B5B5BB-3392-4671-83A2-D94C4B585209}
		{754B09F1-5463-4508-9A8E-C2A2217FE1C2} = {46B5B5BB-3392-4671-83A2-D94C4B585209}
		{5896DB5E-F55E-48AE-8C98-9B82CC3EEFDC} = {46B5B5BB-3392-4671-83A2-D94C4B585209}
		{7EECDEB2-4D21-4175-AFF7-23BEE6D7D4E7} = {5896DB5E-F55E-48AE-8C98-9B82CC3EEFDC}
		{E833A53C-EC4E-431B-B510-BCEC6A7627D8} = {46B5B5BB-3392-4671-83A2-D94C4B585209}
		{E699FFBB-B658-4E6F-ACC0-99E8A414FA4F} = {E833A53C-EC4E-431B-B510-BCEC6A7627D8}
		{77DDA078-212D-481F-9406-613394890150} = {E833A53C-EC4E-431B-B510-BCEC6A7627D8}
		{2A465062-F424-4DE6-865C-5F13E242A092} = {5896DB5E-F55E-48AE-8C98-9B82CC3EEFDC}
	EndGlobalSection
	GlobalSection(ExtensibilityGlobals) = postSolution
		SolutionGuid = {2E9A127E-1433-4378-9B7A-B7CFDECE56BA}
	EndGlobalSection
EndGlobal
